
Microsoft Visual Studio Solution File, Format Version 12.00
# Visual Studio Version 16
VisualStudioVersion = 16.0.31424.327
MinimumVisualStudioVersion = 10.0.40219.1
Project("{FAE04EC0-301F-11D3-BF4B-00C04F79EFBC}") = "REI.api", "REI.api\REI.api.csproj", "{ADC4D338-577F-4AF9-8ED0-DB651555245F}"
EndProject
Project("{FAE04EC0-301F-11D3-BF4B-00C04F79EFBC}") = "REIFinal.Infra", "REIFinal.Infra\REIFinal.Infra.csproj", "{CF931BCE-0ECF-4382-8AF1-86BD80E11F96}"
EndProject
Project("{FAE04EC0-301F-11D3-BF4B-00C04F79EFBC}") = "REIFinal.Core", "REIFinal.Core\REIFinal.Core.csproj", "{24BB95C8-1C89-4919-B255-4483130D6B52}"
EndProject
Global
	GlobalSection(SolutionConfigurationPlatforms) = preSolution
		Debug|Any CPU = Debug|Any CPU
		Release|Any CPU = Release|Any CPU
	EndGlobalSection
	GlobalSection(ProjectConfigurationPlatforms) = postSolution
		{ADC4D338-577F-4AF9-8ED0-DB651555245F}.Debug|Any CPU.ActiveCfg = Debug|Any CPU
		{ADC4D338-577F-4AF9-8ED0-DB651555245F}.Debug|Any CPU.Build.0 = Debug|Any CPU
		{ADC4D338-577F-4AF9-8ED0-DB651555245F}.Release|Any CPU.ActiveCfg = Release|Any CPU
		{ADC4D338-577F-4AF9-8ED0-DB651555245F}.Release|Any CPU.Build.0 = Release|Any CPU
		{CF931BCE-0ECF-4382-8AF1-86BD80E11F96}.Debug|Any CPU.ActiveCfg = Debug|Any CPU
		{CF931BCE-0ECF-4382-8AF1-86BD80E11F96}.Debug|Any CPU.Build.0 = Debug|Any CPU
		{CF931BCE-0ECF-4382-8AF1-86BD80E11F96}.Release|Any CPU.ActiveCfg = Release|Any CPU
		{CF931BCE-0ECF-4382-8AF1-86BD80E11F96}.Release|Any CPU.Build.0 = Release|Any CPU
		{24BB95C8-1C89-4919-B255-4483130D6B52}.Debug|Any CPU.ActiveCfg = Debug|Any CPU
		{24BB95C8-1C89-4919-B255-4483130D6B52}.Debug|Any CPU.Build.0 = Debug|Any CPU
		{24BB95C8-1C89-4919-B255-4483130D6B52}.Release|Any CPU.ActiveCfg = Release|Any CPU
		{24BB95C8-1C89-4919-B255-4483130D6B52}.Release|Any CPU.Build.0 = Release|Any CPU
	EndGlobalSection
	GlobalSection(SolutionProperties) = preSolution
		HideSolutionNode = FALSE
	EndGlobalSection
	GlobalSection(ExtensibilityGlobals) = postSolution
		SolutionGuid = {B1E99A5E-35F1-4277-9E5E-334E46747A37}
	EndGlobalSection
EndGlobal
